
Microsoft Visual Studio Solution File, Format Version 12.00
# Visual Studio Version 16
VisualStudioVersion = 16.0.31005.135
MinimumVisualStudioVersion = 10.0.40219.1
Project("{FAE04EC0-301F-11D3-BF4B-00C04F79EFBC}") = "Example", "Example.csproj", "{72529446-E4F8-47F5-A0CA-02E4E0FBBC11}"
EndProject
Global
	GlobalSection(SolutionConfigurationPlatforms) = preSolution
		Debug|Any CPU = Debug|Any CPU
		Release|Any CPU = Release|Any CPU
	EndGlobalSection
	GlobalSection(ProjectConfigurationPlatforms) = postSolution
		{72529446-E4F8-47F5-A0CA-02E4E0FBBC11}.Debug|Any CPU.ActiveCfg = Debug|Any CPU
		{72529446-E4F8-47F5-A0CA-02E4E0FBBC11}.Debug|Any CPU.Build.0 = Debug|Any CPU
		{72529446-E4F8-47F5-A0CA-02E4E0FBBC11}.Release|Any CPU.ActiveCfg = Release|Any CPU
		{72529446-E4F8-47F5-A0CA-02E4E0FBBC11}.Release|Any CPU.Build.0 = Release|Any CPU
	EndGlobalSection
	GlobalSection(SolutionProperties) = preSolution
		HideSolutionNode = FALSE
	EndGlobalSection
	GlobalSection(ExtensibilityGlobals) = postSolution
		SolutionGuid = {E0EA0841-7E06-4F8D-AB5B-BFD05F5E2B11}
	EndGlobalSection
EndGlobal
